
Microsoft Visual Studio Solution File, Format Version 12.00
# Visual Studio 15
VisualStudioVersion = 15.0.28307.1082
MinimumVisualStudioVersion = 10.0.40219.1
Project("{FAE04EC0-301F-11D3-BF4B-00C04F79EFBC}") = "WpfApp6", "WpfApp6\WpfApp6.csproj", "{E3A11E11-E87C-49CC-BFD8-DF7BE70EAFB1}"
EndProject
Global
	GlobalSection(SolutionConfigurationPlatforms) = preSolution
		Debug|Any CPU = Debug|Any CPU
		Release|Any CPU = Release|Any CPU
	EndGlobalSection
	GlobalSection(ProjectConfigurationPlatforms) = postSolution
		{E3A11E11-E87C-49CC-BFD8-DF7BE70EAFB1}.Debug|Any CPU.ActiveCfg = Debug|Any CPU
		{E3A11E11-E87C-49CC-BFD8-DF7BE70EAFB1}.Debug|Any CPU.Build.0 = Debug|Any CPU
		{E3A11E11-E87C-49CC-BFD8-DF7BE70EAFB1}.Release|Any CPU.ActiveCfg = Release|Any CPU
		{E3A11E11-E87C-49CC-BFD8-DF7BE70EAFB1}.Release|Any CPU.Build.0 = Release|Any CPU
	EndGlobalSection
	GlobalSection(SolutionProperties) = preSolution
		HideSolutionNode = FALSE
	EndGlobalSection
	GlobalSection(ExtensibilityGlobals) = postSolution
		SolutionGuid = {266636CD-7366-42AF-9DD9-9719F3645CA9}
	EndGlobalSection
EndGlobal
